// !$*UTF8*$!
{
	archiveVersion = 1;
	classes = {
	};
	objectVersion = 46;
	objects = {

/* Begin PBXBuildFile section */
		3C59D9EE1351BB11005A69FB /* BBWindowController.m in Sources */ = {isa = PBXBuildFile; fileRef = 3C59D9ED1351BB11005A69FB /* BBWindowController.m */; };
		3C7BE7CD133E26FD00D0EDEA /* BBRexPlaylist.m in Sources */ = {isa = PBXBuildFile; fileRef = 3C7BE7CC133E26FD00D0EDEA /* BBRexPlaylist.m */; };
		910EE01B145EB4720098C257 /* interface in Resources */ = {isa = PBXBuildFile; fileRef = 910EE01A145EB4720098C257 /* interface */; };
		914906581440924B00833A3B /* HIDRemote.m in Sources */ = {isa = PBXBuildFile; fileRef = 914906571440924B00833A3B /* HIDRemote.m */; };
		9149065A1440934000833A3B /* IOKit.framework in Frameworks */ = {isa = PBXBuildFile; fileRef = 914906591440934000833A3B /* IOKit.framework */; };
		9149065C1440934800833A3B /* Carbon.framework in Frameworks */ = {isa = PBXBuildFile; fileRef = 9149065B1440934700833A3B /* Carbon.framework */; };
		915F6650146EC946009EFAD8 /* BBRexView.m in Sources */ = {isa = PBXBuildFile; fileRef = 915F664F146EC946009EFAD8 /* BBRexView.m */; };
		91B779BC145E18CE0005F20A /* VLCKit.framework in Copy Frameworks */ = {isa = PBXBuildFile; fileRef = 91B779BB145E18CE0005F20A /* VLCKit.framework */; };
		91B779BF145E190D0005F20A /* VLCKit.framework in Frameworks */ = {isa = PBXBuildFile; fileRef = 91B779BB145E18CE0005F20A /* VLCKit.framework */; };
		91C5D155131A34DB00D4DD73 /* Cocoa.framework in Frameworks */ = {isa = PBXBuildFile; fileRef = 91C5D154131A34DB00D4DD73 /* Cocoa.framework */; };
		91C5D15F131A34DB00D4DD73 /* InfoPlist.strings in Resources */ = {isa = PBXBuildFile; fileRef = 91C5D15D131A34DB00D4DD73 /* InfoPlist.strings */; };
		91C5D162131A34DB00D4DD73 /* main.m in Sources */ = {isa = PBXBuildFile; fileRef = 91C5D161131A34DB00D4DD73 /* main.m */; };
		91C5D165131A34DB00D4DD73 /* Credits.rtf in Resources */ = {isa = PBXBuildFile; fileRef = 91C5D163131A34DB00D4DD73 /* Credits.rtf */; };
		91C5D168131A34DB00D4DD73 /* reXAppDelegate.m in Sources */ = {isa = PBXBuildFile; fileRef = 91C5D167131A34DB00D4DD73 /* reXAppDelegate.m */; };
		91C5D16B131A34DB00D4DD73 /* MainMenu.xib in Resources */ = {isa = PBXBuildFile; fileRef = 91C5D169131A34DB00D4DD73 /* MainMenu.xib */; };
		91C5D172131A350500D4DD73 /* WebKit.framework in Frameworks */ = {isa = PBXBuildFile; fileRef = 91C5D171131A350500D4DD73 /* WebKit.framework */; };
		91C5D1FD131A95BD00D4DD73 /* BBOverlayWindow.m in Sources */ = {isa = PBXBuildFile; fileRef = 91C5D1FC131A95BC00D4DD73 /* BBOverlayWindow.m */; };
		91C5D200131AA50700D4DD73 /* BBWebView.m in Sources */ = {isa = PBXBuildFile; fileRef = 91C5D1FF131AA50700D4DD73 /* BBWebView.m */; };
		91CF1AD9142F531800DE9140 /* BBSkinManager.m in Sources */ = {isa = PBXBuildFile; fileRef = 91CF1AD8142F531800DE9140 /* BBSkinManager.m */; };
/* End PBXBuildFile section */

/* Begin PBXCopyFilesBuildPhase section */
		91B779BA145E18680005F20A /* Copy Frameworks */ = {
			isa = PBXCopyFilesBuildPhase;
			buildActionMask = 2147483647;
			dstPath = "";
			dstSubfolderSpec = 10;
			files = (
				91B779BC145E18CE0005F20A /* VLCKit.framework in Copy Frameworks */,
			);
			name = "Copy Frameworks";
			runOnlyForDeploymentPostprocessing = 0;
		};
/* End PBXCopyFilesBuildPhase section */

/* Begin PBXFileReference section */
		3C59D9EC1351BB11005A69FB /* BBWindowController.h */ = {isa = PBXFileReference; fileEncoding = 4; lastKnownFileType = sourcecode.c.h; path = BBWindowController.h; sourceTree = "<group>"; };
		3C59D9ED1351BB11005A69FB /* BBWindowController.m */ = {isa = PBXFileReference; fileEncoding = 4; lastKnownFileType = sourcecode.c.objc; path = BBWindowController.m; sourceTree = "<group>"; };
		3C7BE7CB133E26FD00D0EDEA /* BBRexPlaylist.h */ = {isa = PBXFileReference; fileEncoding = 4; lastKnownFileType = sourcecode.c.h; path = BBRexPlaylist.h; sourceTree = "<group>"; };
		3C7BE7CC133E26FD00D0EDEA /* BBRexPlaylist.m */ = {isa = PBXFileReference; fileEncoding = 4; lastKnownFileType = sourcecode.c.objc; path = BBRexPlaylist.m; sourceTree = "<group>"; };
		910EE01A145EB4720098C257 /* interface */ = {isa = PBXFileReference; lastKnownFileType = folder; path = interface; sourceTree = "<group>"; };
		9131585E142CDF4000697418 /* global.h */ = {isa = PBXFileReference; fileEncoding = 4; lastKnownFileType = sourcecode.c.h; path = global.h; sourceTree = "<group>"; };
		914906561440924B00833A3B /* HIDRemote.h */ = {isa = PBXFileReference; fileEncoding = 4; lastKnownFileType = sourcecode.c.h; path = HIDRemote.h; sourceTree = "<group>"; };
		914906571440924B00833A3B /* HIDRemote.m */ = {isa = PBXFileReference; fileEncoding = 4; lastKnownFileType = sourcecode.c.objc; path = HIDRemote.m; sourceTree = "<group>"; };
		914906591440934000833A3B /* IOKit.framework */ = {isa = PBXFileReference; lastKnownFileType = wrapper.framework; name = IOKit.framework; path = System/Library/Frameworks/IOKit.framework; sourceTree = SDKROOT; };
		9149065B1440934700833A3B /* Carbon.framework */ = {isa = PBXFileReference; lastKnownFileType = wrapper.framework; name = Carbon.framework; path = System/Library/Frameworks/Carbon.framework; sourceTree = SDKROOT; };
		915F664E146EC946009EFAD8 /* BBRexView.h */ = {isa = PBXFileReference; fileEncoding = 4; lastKnownFileType = sourcecode.c.h; path = BBRexView.h; sourceTree = "<group>"; };
		915F664F146EC946009EFAD8 /* BBRexView.m */ = {isa = PBXFileReference; fileEncoding = 4; lastKnownFileType = sourcecode.c.objc; path = BBRexView.m; sourceTree = "<group>"; };
		91B779BB145E18CE0005F20A /* VLCKit.framework */ = {isa = PBXFileReference; lastKnownFileType = wrapper.framework; name = VLCKit.framework; path = Frameworks/VLCKit.framework; sourceTree = "<group>"; };
		91C5D150131A34DB00D4DD73 /* reX.app */ = {isa = PBXFileReference; explicitFileType = wrapper.application; includeInIndex = 0; path = reX.app; sourceTree = BUILT_PRODUCTS_DIR; };
		91C5D154131A34DB00D4DD73 /* Cocoa.framework */ = {isa = PBXFileReference; lastKnownFileType = wrapper.framework; name = Cocoa.framework; path = System/Library/Frameworks/Cocoa.framework; sourceTree = SDKROOT; };
		91C5D157131A34DB00D4DD73 /* AppKit.framework */ = {isa = PBXFileReference; lastKnownFileType = wrapper.framework; name = AppKit.framework; path = System/Library/Frameworks/AppKit.framework; sourceTree = SDKROOT; };
		91C5D158131A34DB00D4DD73 /* CoreData.framework */ = {isa = PBXFileReference; lastKnownFileType = wrapper.framework; name = CoreData.framework; path = System/Library/Frameworks/CoreData.framework; sourceTree = SDKROOT; };
		91C5D159131A34DB00D4DD73 /* Foundation.framework */ = {isa = PBXFileReference; lastKnownFileType = wrapper.framework; name = Foundation.framework; path = System/Library/Frameworks/Foundation.framework; sourceTree = SDKROOT; };
		91C5D15C131A34DB00D4DD73 /* reX-Info.plist */ = {isa = PBXFileReference; lastKnownFileType = text.plist.xml; path = "reX-Info.plist"; sourceTree = "<group>"; };
		91C5D15E131A34DB00D4DD73 /* en */ = {isa = PBXFileReference; lastKnownFileType = text.plist.strings; name = en; path = en.lproj/InfoPlist.strings; sourceTree = "<group>"; };
		91C5D160131A34DB00D4DD73 /* reX-Prefix.pch */ = {isa = PBXFileReference; lastKnownFileType = sourcecode.c.h; path = "reX-Prefix.pch"; sourceTree = "<group>"; };
		91C5D161131A34DB00D4DD73 /* main.m */ = {isa = PBXFileReference; lastKnownFileType = sourcecode.c.objc; path = main.m; sourceTree = "<group>"; };
		91C5D164131A34DB00D4DD73 /* en */ = {isa = PBXFileReference; lastKnownFileType = text.rtf; name = en; path = en.lproj/Credits.rtf; sourceTree = "<group>"; };
		91C5D166131A34DB00D4DD73 /* reXAppDelegate.h */ = {isa = PBXFileReference; lastKnownFileType = sourcecode.c.h; path = reXAppDelegate.h; sourceTree = "<group>"; };
		91C5D167131A34DB00D4DD73 /* reXAppDelegate.m */ = {isa = PBXFileReference; lastKnownFileType = sourcecode.c.objc; path = reXAppDelegate.m; sourceTree = "<group>"; };
		91C5D16A131A34DB00D4DD73 /* en */ = {isa = PBXFileReference; lastKnownFileType = file.xib; name = en; path = en.lproj/MainMenu.xib; sourceTree = "<group>"; };
		91C5D171131A350500D4DD73 /* WebKit.framework */ = {isa = PBXFileReference; lastKnownFileType = wrapper.framework; name = WebKit.framework; path = System/Library/Frameworks/WebKit.framework; sourceTree = SDKROOT; };
		91C5D1A3131A6C5200D4DD73 /* unused_BBRexView.h */ = {isa = PBXFileReference; fileEncoding = 4; lastKnownFileType = sourcecode.c.h; path = unused_BBRexView.h; sourceTree = "<group>"; };
		91C5D1A4131A6C5200D4DD73 /* unused_BBRexView.m */ = {isa = PBXFileReference; fileEncoding = 4; lastKnownFileType = sourcecode.c.objc; path = unused_BBRexView.m; sourceTree = "<group>"; };
		91C5D1FB131A95BC00D4DD73 /* BBOverlayWindow.h */ = {isa = PBXFileReference; fileEncoding = 4; lastKnownFileType = sourcecode.c.h; path = BBOverlayWindow.h; sourceTree = "<group>"; };
		91C5D1FC131A95BC00D4DD73 /* BBOverlayWindow.m */ = {isa = PBXFileReference; fileEncoding = 4; lastKnownFileType = sourcecode.c.objc; path = BBOverlayWindow.m; sourceTree = "<group>"; };
		91C5D1FE131AA50600D4DD73 /* BBWebView.h */ = {isa = PBXFileReference; fileEncoding = 4; lastKnownFileType = sourcecode.c.h; path = BBWebView.h; sourceTree = "<group>"; };
		91C5D1FF131AA50700D4DD73 /* BBWebView.m */ = {isa = PBXFileReference; fileEncoding = 4; lastKnownFileType = sourcecode.c.objc; path = BBWebView.m; sourceTree = "<group>"; };
		91CF1AD7142F531800DE9140 /* BBSkinManager.h */ = {isa = PBXFileReference; fileEncoding = 4; lastKnownFileType = sourcecode.c.h; path = BBSkinManager.h; sourceTree = "<group>"; };
		91CF1AD8142F531800DE9140 /* BBSkinManager.m */ = {isa = PBXFileReference; fileEncoding = 4; lastKnownFileType = sourcecode.c.objc; path = BBSkinManager.m; sourceTree = "<group>"; };
/* End PBXFileReference section */

/* Begin PBXFrameworksBuildPhase section */
		91C5D14D131A34DB00D4DD73 /* Frameworks */ = {
			isa = PBXFrameworksBuildPhase;
			buildActionMask = 2147483647;
			files = (
				9149065C1440934800833A3B /* Carbon.framework in Frameworks */,
				9149065A1440934000833A3B /* IOKit.framework in Frameworks */,
				91C5D172131A350500D4DD73 /* WebKit.framework in Frameworks */,
				91B779BF145E190D0005F20A /* VLCKit.framework in Frameworks */,
				91C5D155131A34DB00D4DD73 /* Cocoa.framework in Frameworks */,
			);
			runOnlyForDeploymentPostprocessing = 0;
		};
/* End PBXFrameworksBuildPhase section */

/* Begin PBXGroup section */
		3C7BE7C8133E263500D0EDEA /* Additional */ = {
			isa = PBXGroup;
			children = (
				914906541440921C00833A3B /* HIDRemote */,
				3C7BE7CA133E269800D0EDEA /* Media */,
				91CF1AD7142F531800DE9140 /* BBSkinManager.h */,
				91CF1AD8142F531800DE9140 /* BBSkinManager.m */,
			);
			name = Additional;
			sourceTree = "<group>";
		};
		3C7BE7CA133E269800D0EDEA /* Media */ = {
			isa = PBXGroup;
			children = (
				3C7BE7CB133E26FD00D0EDEA /* BBRexPlaylist.h */,
				3C7BE7CC133E26FD00D0EDEA /* BBRexPlaylist.m */,
			);
			name = Media;
			sourceTree = "<group>";
		};
		3C7BE7CE133E280400D0EDEA /* Resources */ = {
			isa = PBXGroup;
			children = (
				910EE01A145EB4720098C257 /* interface */,
			);
			path = Resources;
			sourceTree = "<group>";
		};
		9131585C142CDEE300697418 /* global */ = {
			isa = PBXGroup;
			children = (
				9131585E142CDF4000697418 /* global.h */,
			);
			name = global;
			sourceTree = "<group>";
		};
		914906541440921C00833A3B /* HIDRemote */ = {
			isa = PBXGroup;
			children = (
				914906561440924B00833A3B /* HIDRemote.h */,
				914906571440924B00833A3B /* HIDRemote.m */,
			);
			name = HIDRemote;
			sourceTree = "<group>";
		};
		91C5D145131A34DA00D4DD73 = {
			isa = PBXGroup;
			children = (
				91C5D15A131A34DB00D4DD73 /* reX */,
				3C7BE7CE133E280400D0EDEA /* Resources */,
				91C5D153131A34DB00D4DD73 /* Frameworks */,
				91C5D151131A34DB00D4DD73 /* Products */,
			);
			sourceTree = "<group>";
		};
		91C5D151131A34DB00D4DD73 /* Products */ = {
			isa = PBXGroup;
			children = (
				91C5D150131A34DB00D4DD73 /* reX.app */,
			);
			name = Products;
			sourceTree = "<group>";
		};
		91C5D153131A34DB00D4DD73 /* Frameworks */ = {
			isa = PBXGroup;
			children = (
				91B779BB145E18CE0005F20A /* VLCKit.framework */,
				9149065B1440934700833A3B /* Carbon.framework */,
				914906591440934000833A3B /* IOKit.framework */,
				91C5D171131A350500D4DD73 /* WebKit.framework */,
				91C5D154131A34DB00D4DD73 /* Cocoa.framework */,
				91C5D156131A34DB00D4DD73 /* Other Frameworks */,
			);
			name = Frameworks;
			sourceTree = "<group>";
		};
		91C5D156131A34DB00D4DD73 /* Other Frameworks */ = {
			isa = PBXGroup;
			children = (
				91C5D157131A34DB00D4DD73 /* AppKit.framework */,
				91C5D158131A34DB00D4DD73 /* CoreData.framework */,
				91C5D159131A34DB00D4DD73 /* Foundation.framework */,
			);
			name = "Other Frameworks";
			sourceTree = "<group>";
		};
		91C5D15A131A34DB00D4DD73 /* reX */ = {
			isa = PBXGroup;
			children = (
				91C5D175131A382200D4DD73 /* Classes */,
				91C5D15B131A34DB00D4DD73 /* Supporting Files */,
				9131585C142CDEE300697418 /* global */,
				91C5D169131A34DB00D4DD73 /* MainMenu.xib */,
			);
			path = reX;
			sourceTree = "<group>";
		};
		91C5D15B131A34DB00D4DD73 /* Supporting Files */ = {
			isa = PBXGroup;
			children = (
				91C5D15C131A34DB00D4DD73 /* reX-Info.plist */,
				91C5D15D131A34DB00D4DD73 /* InfoPlist.strings */,
				91C5D160131A34DB00D4DD73 /* reX-Prefix.pch */,
				91C5D161131A34DB00D4DD73 /* main.m */,
				91C5D163131A34DB00D4DD73 /* Credits.rtf */,
			);
			name = "Supporting Files";
			sourceTree = "<group>";
		};
		91C5D175131A382200D4DD73 /* Classes */ = {
			isa = PBXGroup;
			children = (
				91C5D176131A383400D4DD73 /* Delegates */,
				91C5D177131A3A5D00D4DD73 /* Windows */,
				91C5D201131AA51700D4DD73 /* Views */,
				3C7BE7C8133E263500D0EDEA /* Additional */,
				91D24ED2146E739000B70BAF /* Deprecated */,
			);
			name = Classes;
			sourceTree = "<group>";
		};
		91C5D176131A383400D4DD73 /* Delegates */ = {
			isa = PBXGroup;
			children = (
				91C5D166131A34DB00D4DD73 /* reXAppDelegate.h */,
				91C5D167131A34DB00D4DD73 /* reXAppDelegate.m */,
			);
			name = Delegates;
			sourceTree = "<group>";
		};
		91C5D177131A3A5D00D4DD73 /* Windows */ = {
			isa = PBXGroup;
			children = (
				91C5D1FB131A95BC00D4DD73 /* BBOverlayWindow.h */,
				91C5D1FC131A95BC00D4DD73 /* BBOverlayWindow.m */,
				3C59D9EC1351BB11005A69FB /* BBWindowController.h */,
				3C59D9ED1351BB11005A69FB /* BBWindowController.m */,
			);
			name = Windows;
			sourceTree = "<group>";
		};
		91C5D201131AA51700D4DD73 /* Views */ = {
			isa = PBXGroup;
			children = (
				91C5D1FE131AA50600D4DD73 /* BBWebView.h */,
				91C5D1FF131AA50700D4DD73 /* BBWebView.m */,
				915F664E146EC946009EFAD8 /* BBRexView.h */,
				915F664F146EC946009EFAD8 /* BBRexView.m */,
			);
			name = Views;
			sourceTree = "<group>";
		};
		91D24ED2146E739000B70BAF /* Deprecated */ = {
			isa = PBXGroup;
			children = (
				91C5D1A3131A6C5200D4DD73 /* unused_BBRexView.h */,
				91C5D1A4131A6C5200D4DD73 /* unused_BBRexView.m */,
			);
			name = Deprecated;
			sourceTree = "<group>";
		};
/* End PBXGroup section */

/* Begin PBXNativeTarget section */
		91C5D14F131A34DB00D4DD73 /* reX */ = {
			isa = PBXNativeTarget;
			buildConfigurationList = 91C5D16E131A34DB00D4DD73 /* Build configuration list for PBXNativeTarget "reX" */;
			buildPhases = (
				91B779BA145E18680005F20A /* Copy Frameworks */,
				91C5D14C131A34DB00D4DD73 /* Sources */,
				91C5D14D131A34DB00D4DD73 /* Frameworks */,
				91C5D14E131A34DB00D4DD73 /* Resources */,
				910EE019145EB3920098C257 /* ShellScript */,
			);
			buildRules = (
			);
			dependencies = (
			);
			name = reX;
			productName = reX;
			productReference = 91C5D150131A34DB00D4DD73 /* reX.app */;
			productType = "com.apple.product-type.application";
		};
/* End PBXNativeTarget section */

/* Begin PBXProject section */
		91C5D147131A34DB00D4DD73 /* Project object */ = {
			isa = PBXProject;
			attributes = {
				ORGANIZATIONNAME = "dmc digital media center GmbH";
			};
			buildConfigurationList = 91C5D14A131A34DB00D4DD73 /* Build configuration list for PBXProject "reX" */;
			compatibilityVersion = "Xcode 3.2";
			developmentRegion = English;
			hasScannedForEncodings = 0;
			knownRegions = (
				en,
			);
			mainGroup = 91C5D145131A34DA00D4DD73;
			productRefGroup = 91C5D151131A34DB00D4DD73 /* Products */;
			projectDirPath = "";
			projectRoot = "";
			targets = (
				91C5D14F131A34DB00D4DD73 /* reX */,
			);
		};
/* End PBXProject section */

/* Begin PBXResourcesBuildPhase section */
		91C5D14E131A34DB00D4DD73 /* Resources */ = {
			isa = PBXResourcesBuildPhase;
			buildActionMask = 2147483647;
			files = (
				91C5D15F131A34DB00D4DD73 /* InfoPlist.strings in Resources */,
				91C5D165131A34DB00D4DD73 /* Credits.rtf in Resources */,
				91C5D16B131A34DB00D4DD73 /* MainMenu.xib in Resources */,
				910EE01B145EB4720098C257 /* interface in Resources */,
			);
			runOnlyForDeploymentPostprocessing = 0;
		};
/* End PBXResourcesBuildPhase section */

/* Begin PBXShellScriptBuildPhase section */
		910EE019145EB3920098C257 /* ShellScript */ = {
			isa = PBXShellScriptBuildPhase;
			buildActionMask = 2147483647;
			files = (
			);
			inputPaths = (
			);
			outputPaths = (
			);
			runOnlyForDeploymentPostprocessing = 0;
			shellPath = /bin/tcsh;
			shellScript = "touch -cm ${SRCROOT}/interface";
		};
/* End PBXShellScriptBuildPhase section */

/* Begin PBXSourcesBuildPhase section */
		91C5D14C131A34DB00D4DD73 /* Sources */ = {
			isa = PBXSourcesBuildPhase;
			buildActionMask = 2147483647;
			files = (
				91C5D162131A34DB00D4DD73 /* main.m in Sources */,
				91C5D168131A34DB00D4DD73 /* reXAppDelegate.m in Sources */,
				91C5D1FD131A95BD00D4DD73 /* BBOverlayWindow.m in Sources */,
				91C5D200131AA50700D4DD73 /* BBWebView.m in Sources */,
				3C7BE7CD133E26FD00D0EDEA /* BBRexPlaylist.m in Sources */,
				3C59D9EE1351BB11005A69FB /* BBWindowController.m in Sources */,
				91CF1AD9142F531800DE9140 /* BBSkinManager.m in Sources */,
				914906581440924B00833A3B /* HIDRemote.m in Sources */,
				915F6650146EC946009EFAD8 /* BBRexView.m in Sources */,
			);
			runOnlyForDeploymentPostprocessing = 0;
		};
/* End PBXSourcesBuildPhase section */

/* Begin PBXVariantGroup section */
		91C5D15D131A34DB00D4DD73 /* InfoPlist.strings */ = {
			isa = PBXVariantGroup;
			children = (
				91C5D15E131A34DB00D4DD73 /* en */,
			);
			name = InfoPlist.strings;
			sourceTree = "<group>";
		};
		91C5D163131A34DB00D4DD73 /* Credits.rtf */ = {
			isa = PBXVariantGroup;
			children = (
				91C5D164131A34DB00D4DD73 /* en */,
			);
			name = Credits.rtf;
			sourceTree = "<group>";
		};
		91C5D169131A34DB00D4DD73 /* MainMenu.xib */ = {
			isa = PBXVariantGroup;
			children = (
				91C5D16A131A34DB00D4DD73 /* en */,
			);
			name = MainMenu.xib;
			sourceTree = "<group>";
		};
/* End PBXVariantGroup section */

/* Begin XCBuildConfiguration section */
		91C5D16C131A34DB00D4DD73 /* Debug */ = {
			isa = XCBuildConfiguration;
			buildSettings = {
				ARCHS = "$(ARCHS_STANDARD_32_64_BIT)";
				GCC_C_LANGUAGE_STANDARD = gnu99;
				GCC_OPTIMIZATION_LEVEL = 0;
				GCC_PREPROCESSOR_DEFINITIONS = DEBUG;
				GCC_SYMBOLS_PRIVATE_EXTERN = NO;
				GCC_VERSION = com.apple.compilers.llvmgcc42;
				GCC_WARN_64_TO_32_BIT_CONVERSION = YES;
				GCC_WARN_ABOUT_RETURN_TYPE = YES;
				GCC_WARN_UNUSED_VARIABLE = YES;
				MACOSX_DEPLOYMENT_TARGET = 10.7;
				ONLY_ACTIVE_ARCH = YES;
				SDKROOT = macosx;
			};
			name = Debug;
		};
		91C5D16D131A34DB00D4DD73 /* Release */ = {
			isa = XCBuildConfiguration;
			buildSettings = {
				ARCHS = "$(ARCHS_STANDARD_32_64_BIT)";
				GCC_C_LANGUAGE_STANDARD = gnu99;
				GCC_VERSION = com.apple.compilers.llvmgcc42;
				GCC_WARN_64_TO_32_BIT_CONVERSION = YES;
				GCC_WARN_ABOUT_RETURN_TYPE = YES;
				GCC_WARN_UNUSED_VARIABLE = YES;
				MACOSX_DEPLOYMENT_TARGET = 10.7;
				ONLY_ACTIVE_ARCH = YES;
				SDKROOT = macosx;
			};
			name = Release;
		};
		91C5D16F131A34DB00D4DD73 /* Debug */ = {
			isa = XCBuildConfiguration;
			buildSettings = {
				ALWAYS_SEARCH_USER_PATHS = NO;
				CODE_SIGN_IDENTITY = "";
				COPY_PHASE_STRIP = YES;
				FRAMEWORK_SEARCH_PATHS = (
					"$(inherited)",
					"\"$(SRCROOT)/Frameworks\"",
				);
				GCC_DYNAMIC_NO_PIC = NO;
				GCC_ENABLE_OBJC_EXCEPTIONS = YES;
				GCC_PRECOMPILE_PREFIX_HEADER = YES;
				GCC_PREFIX_HEADER = "reX/reX-Prefix.pch";
				INFOPLIST_FILE = "reX/reX-Info.plist";
				MACOSX_DEPLOYMENT_TARGET = 10.7;
				PRODUCT_NAME = "$(TARGET_NAME)";
				WRAPPER_EXTENSION = app;
			};
			name = Debug;
		};
		91C5D170131A34DB00D4DD73 /* Release */ = {
			isa = XCBuildConfiguration;
			buildSettings = {
				ALWAYS_SEARCH_USER_PATHS = NO;
				CODE_SIGN_IDENTITY = "";
				COPY_PHASE_STRIP = NO;
				DEBUG_INFORMATION_FORMAT = "dwarf-with-dsym";
				FRAMEWORK_SEARCH_PATHS = (
					"$(inherited)",
					"\"$(SRCROOT)/Frameworks\"",
				);
				GCC_ENABLE_OBJC_EXCEPTIONS = YES;
				GCC_PRECOMPILE_PREFIX_HEADER = YES;
				GCC_PREFIX_HEADER = "reX/reX-Prefix.pch";
				INFOPLIST_FILE = "reX/reX-Info.plist";
				MACOSX_DEPLOYMENT_TARGET = 10.7;
				PRODUCT_NAME = "$(TARGET_NAME)";
				WRAPPER_EXTENSION = app;
			};
			name = Release;
		};
/* End XCBuildConfiguration section */

/* Begin XCConfigurationList section */
		91C5D14A131A34DB00D4DD73 /* Build configuration list for PBXProject "reX" */ = {
			isa = XCConfigurationList;
			buildConfigurations = (
				91C5D16C131A34DB00D4DD73 /* Debug */,
				91C5D16D131A34DB00D4DD73 /* Release */,
			);
			defaultConfigurationIsVisible = 0;
			defaultConfigurationName = Release;
		};
		91C5D16E131A34DB00D4DD73 /* Build configuration list for PBXNativeTarget "reX" */ = {
			isa = XCConfigurationList;
			buildConfigurations = (
				91C5D16F131A34DB00D4DD73 /* Debug */,
				91C5D170131A34DB00D4DD73 /* Release */,
			);
			defaultConfigurationIsVisible = 0;
			defaultConfigurationName = Release;
		};
/* End XCConfigurationList section */
	};
	rootObject = 91C5D147131A34DB00D4DD73 /* Project object */;
}
